// !$*UTF8*$!
{
	archiveVersion = 1;
	classes = {
	};
	objectVersion = 55;
	objects = {

/* Begin PBXBuildFile section */
		570493EE2875CD890098E191 /* AppDelegate.swift in Sources */ = {isa = PBXBuildFile; fileRef = 570493ED2875CD890098E191 /* AppDelegate.swift */; };
		570493F02875CD8A0098E191 /* SceneDelegate.swift in Sources */ = {isa = PBXBuildFile; fileRef = 570493EF2875CD8A0098E191 /* SceneDelegate.swift */; };
		570493F22875CD8A0098E191 /* ViewController.swift in Sources */ = {isa = PBXBuildFile; fileRef = 570493F12875CD8A0098E191 /* ViewController.swift */; };
		570493F52875CD8A0098E191 /* Main.storyboard in Resources */ = {isa = PBXBuildFile; fileRef = 570493F32875CD8A0098E191 /* Main.storyboard */; };
		570493F72875CD8B0098E191 /* Assets.xcassets in Resources */ = {isa = PBXBuildFile; fileRef = 570493F62875CD8B0098E191 /* Assets.xcassets */; };
		570493FA2875CD8B0098E191 /* LaunchScreen.storyboard in Resources */ = {isa = PBXBuildFile; fileRef = 570493F82875CD8B0098E191 /* LaunchScreen.storyboard */; };
		57AEC30B2875D351005A0967 /* Constant.swift in Sources */ = {isa = PBXBuildFile; fileRef = 57AEC30A2875D351005A0967 /* Constant.swift */; };
		57AEC30D2875D495005A0967 /* RequestConfigurator.swift in Sources */ = {isa = PBXBuildFile; fileRef = 57AEC30C2875D495005A0967 /* RequestConfigurator.swift */; };
		57AEC30F2875D602005A0967 /* DownloadRoute.swift in Sources */ = {isa = PBXBuildFile; fileRef = 57AEC30E2875D602005A0967 /* DownloadRoute.swift */; };
		57AEC3122875D9AC005A0967 /* RequestHandler.swift in Sources */ = {isa = PBXBuildFile; fileRef = 57AEC3112875D9AC005A0967 /* RequestHandler.swift */; };
		57AEC3162875DD8F005A0967 /* NetworkRequest.swift in Sources */ = {isa = PBXBuildFile; fileRef = 57AEC3152875DD8F005A0967 /* NetworkRequest.swift */; };
		57AEC3192875DE63005A0967 /* DownloadModel.swift in Sources */ = {isa = PBXBuildFile; fileRef = 57AEC3182875DE63005A0967 /* DownloadModel.swift */; };
		57AEC31E2875E2D0005A0967 /* DownloadViewModel.swift in Sources */ = {isa = PBXBuildFile; fileRef = 57AEC31D2875E2D0005A0967 /* DownloadViewModel.swift */; };
		57AEC3252875F7D9005A0967 /* DownloadCellView.swift in Sources */ = {isa = PBXBuildFile; fileRef = 57AEC3232875F7D9005A0967 /* DownloadCellView.swift */; };
		57AEC3262875F7D9005A0967 /* DownloadCellView.xib in Resources */ = {isa = PBXBuildFile; fileRef = 57AEC3242875F7D9005A0967 /* DownloadCellView.xib */; };
		B6DB600ED865F8134A7FF784 /* Pods_NousTask.framework in Frameworks */ = {isa = PBXBuildFile; fileRef = 04DCD964838B1F1C95BC9DE0 /* Pods_NousTask.framework */; };
/* End PBXBuildFile section */

/* Begin PBXFileReference section */
		04DCD964838B1F1C95BC9DE0 /* Pods_NousTask.framework */ = {isa = PBXFileReference; explicitFileType = wrapper.framework; includeInIndex = 0; path = Pods_NousTask.framework; sourceTree = BUILT_PRODUCTS_DIR; };
		570493EA2875CD890098E191 /* NousTask.app */ = {isa = PBXFileReference; explicitFileType = wrapper.application; includeInIndex = 0; path = NousTask.app; sourceTree = BUILT_PRODUCTS_DIR; };
		570493ED2875CD890098E191 /* AppDelegate.swift */ = {isa = PBXFileReference; lastKnownFileType = sourcecode.swift; path = AppDelegate.swift; sourceTree = "<group>"; };
		570493EF2875CD8A0098E191 /* SceneDelegate.swift */ = {isa = PBXFileReference; lastKnownFileType = sourcecode.swift; path = SceneDelegate.swift; sourceTree = "<group>"; };
		570493F12875CD8A0098E191 /* ViewController.swift */ = {isa = PBXFileReference; lastKnownFileType = sourcecode.swift; path = ViewController.swift; sourceTree = "<group>"; };
		570493F42875CD8A0098E191 /* Base */ = {isa = PBXFileReference; lastKnownFileType = file.storyboard; name = Base; path = Base.lproj/Main.storyboard; sourceTree = "<group>"; };
		570493F62875CD8B0098E191 /* Assets.xcassets */ = {isa = PBXFileReference; lastKnownFileType = folder.assetcatalog; path = Assets.xcassets; sourceTree = "<group>"; };
		570493F92875CD8B0098E191 /* Base */ = {isa = PBXFileReference; lastKnownFileType = file.storyboard; name = Base; path = Base.lproj/LaunchScreen.storyboard; sourceTree = "<group>"; };
		570493FB2875CD8B0098E191 /* Info.plist */ = {isa = PBXFileReference; lastKnownFileType = text.plist.xml; path = Info.plist; sourceTree = "<group>"; };
		57AEC30A2875D351005A0967 /* Constant.swift */ = {isa = PBXFileReference; lastKnownFileType = sourcecode.swift; path = Constant.swift; sourceTree = "<group>"; };
		57AEC30C2875D495005A0967 /* RequestConfigurator.swift */ = {isa = PBXFileReference; lastKnownFileType = sourcecode.swift; path = RequestConfigurator.swift; sourceTree = "<group>"; };
		57AEC30E2875D602005A0967 /* DownloadRoute.swift */ = {isa = PBXFileReference; lastKnownFileType = sourcecode.swift; path = DownloadRoute.swift; sourceTree = "<group>"; };
		57AEC3112875D9AC005A0967 /* RequestHandler.swift */ = {isa = PBXFileReference; lastKnownFileType = sourcecode.swift; path = RequestHandler.swift; sourceTree = "<group>"; };
		57AEC3152875DD8F005A0967 /* NetworkRequest.swift */ = {isa = PBXFileReference; lastKnownFileType = sourcecode.swift; path = NetworkRequest.swift; sourceTree = "<group>"; };
		57AEC3182875DE63005A0967 /* DownloadModel.swift */ = {isa = PBXFileReference; lastKnownFileType = sourcecode.swift; path = DownloadModel.swift; sourceTree = "<group>"; };
		57AEC31D2875E2D0005A0967 /* DownloadViewModel.swift */ = {isa = PBXFileReference; lastKnownFileType = sourcecode.swift; path = DownloadViewModel.swift; sourceTree = "<group>"; };
		57AEC3232875F7D9005A0967 /* DownloadCellView.swift */ = {isa = PBXFileReference; lastKnownFileType = sourcecode.swift; path = DownloadCellView.swift; sourceTree = "<group>"; };
		57AEC3242875F7D9005A0967 /* DownloadCellView.xib */ = {isa = PBXFileReference; lastKnownFileType = file.xib; path = DownloadCellView.xib; sourceTree = "<group>"; };
		7B37E9082058EC06DDF24CC1 /* Pods-NousTask.release.xcconfig */ = {isa = PBXFileReference; includeInIndex = 1; lastKnownFileType = text.xcconfig; name = "Pods-NousTask.release.xcconfig"; path = "Target Support Files/Pods-NousTask/Pods-NousTask.release.xcconfig"; sourceTree = "<group>"; };
		8D15A27C9963559351CA1456 /* Pods-NousTask.debug.xcconfig */ = {isa = PBXFileReference; includeInIndex = 1; lastKnownFileType = text.xcconfig; name = "Pods-NousTask.debug.xcconfig"; path = "Target Support Files/Pods-NousTask/Pods-NousTask.debug.xcconfig"; sourceTree = "<group>"; };
/* End PBXFileReference section */

/* Begin PBXFrameworksBuildPhase section */
		570493E72875CD890098E191 /* Frameworks */ = {
			isa = PBXFrameworksBuildPhase;
			buildActionMask = 2147483647;
			files = (
				B6DB600ED865F8134A7FF784 /* Pods_NousTask.framework in Frameworks */,
			);
			runOnlyForDeploymentPostprocessing = 0;
		};
/* End PBXFrameworksBuildPhase section */

/* Begin PBXGroup section */
		27122A8769A58917F8589D9C /* Frameworks */ = {
			isa = PBXGroup;
			children = (
				04DCD964838B1F1C95BC9DE0 /* Pods_NousTask.framework */,
			);
			name = Frameworks;
			sourceTree = "<group>";
		};
		570493E12875CD890098E191 = {
			isa = PBXGroup;
			children = (
				570493EC2875CD890098E191 /* NousTask */,
				570493EB2875CD890098E191 /* Products */,
				C840ED9E2BE812CB1F654F9A /* Pods */,
				27122A8769A58917F8589D9C /* Frameworks */,
			);
			sourceTree = "<group>";
		};
		570493EB2875CD890098E191 /* Products */ = {
			isa = PBXGroup;
			children = (
				570493EA2875CD890098E191 /* NousTask.app */,
			);
			name = Products;
			sourceTree = "<group>";
		};
		570493EC2875CD890098E191 /* NousTask */ = {
			isa = PBXGroup;
			children = (
				57AEC31F2875EF56005A0967 /* Helper */,
				570494012875CD960098E191 /* NetworkLayer */,
				57AEC31C2875E083005A0967 /* Scenes */,
				570493ED2875CD890098E191 /* AppDelegate.swift */,
				570493EF2875CD8A0098E191 /* SceneDelegate.swift */,
				570493F62875CD8B0098E191 /* Assets.xcassets */,
				570493F82875CD8B0098E191 /* LaunchScreen.storyboard */,
				570493FB2875CD8B0098E191 /* Info.plist */,
			);
			path = NousTask;
			sourceTree = "<group>";
		};
		570494012875CD960098E191 /* NetworkLayer */ = {
			isa = PBXGroup;
			children = (
				57AEC3142875DD7D005A0967 /* Caller */,
				57AEC3132875DCED005A0967 /* Requester */,
				57AEC3102875D603005A0967 /* Routes */,
				57AEC30A2875D351005A0967 /* Constant.swift */,
			);
			path = NetworkLayer;
			sourceTree = "<group>";
		};
		57AEC3102875D603005A0967 /* Routes */ = {
			isa = PBXGroup;
			children = (
				57AEC30E2875D602005A0967 /* DownloadRoute.swift */,
			);
			path = Routes;
			sourceTree = "<group>";
		};
		57AEC3132875DCED005A0967 /* Requester */ = {
			isa = PBXGroup;
			children = (
				57AEC30C2875D495005A0967 /* RequestConfigurator.swift */,
				57AEC3112875D9AC005A0967 /* RequestHandler.swift */,
			);
			path = Requester;
			sourceTree = "<group>";
		};
		57AEC3142875DD7D005A0967 /* Caller */ = {
			isa = PBXGroup;
			children = (
				57AEC3152875DD8F005A0967 /* NetworkRequest.swift */,
			);
			path = Caller;
			sourceTree = "<group>";
		};
		57AEC3172875DDF8005A0967 /* Model */ = {
			isa = PBXGroup;
			children = (
				57AEC3182875DE63005A0967 /* DownloadModel.swift */,
			);
			path = Model;
			sourceTree = "<group>";
		};
		57AEC31A2875E05C005A0967 /* ViewModel */ = {
			isa = PBXGroup;
			children = (
				57AEC31D2875E2D0005A0967 /* DownloadViewModel.swift */,
			);
			path = ViewModel;
			sourceTree = "<group>";
		};
		57AEC31B2875E06D005A0967 /* View */ = {
			isa = PBXGroup;
			children = (
				57AEC3222875F6C7005A0967 /* cell */,
				570493F32875CD8A0098E191 /* Main.storyboard */,
				570493F12875CD8A0098E191 /* ViewController.swift */,
			);
			path = View;
			sourceTree = "<group>";
		};
		57AEC31C2875E083005A0967 /* Scenes */ = {
			isa = PBXGroup;
			children = (
				57AEC3172875DDF8005A0967 /* Model */,
				57AEC31A2875E05C005A0967 /* ViewModel */,
				57AEC31B2875E06D005A0967 /* View */,
			);
			path = Scenes;
			sourceTree = "<group>";
		};
		57AEC31F2875EF56005A0967 /* Helper */ = {
			isa = PBXGroup;
			children = (
			);
			path = Helper;
			sourceTree = "<group>";
		};
		57AEC3222875F6C7005A0967 /* cell */ = {
			isa = PBXGroup;
			children = (
				57AEC3232875F7D9005A0967 /* DownloadCellView.swift */,
				57AEC3242875F7D9005A0967 /* DownloadCellView.xib */,
			);
			path = cell;
			sourceTree = "<group>";
		};
		C840ED9E2BE812CB1F654F9A /* Pods */ = {
			isa = PBXGroup;
			children = (
				8D15A27C9963559351CA1456 /* Pods-NousTask.debug.xcconfig */,
				7B37E9082058EC06DDF24CC1 /* Pods-NousTask.release.xcconfig */,
			);
			name = Pods;
			path = Pods;
			sourceTree = "<group>";
		};
/* End PBXGroup section */

/* Begin PBXNativeTarget section */
		570493E92875CD890098E191 /* NousTask */ = {
			isa = PBXNativeTarget;
			buildConfigurationList = 570493FE2875CD8B0098E191 /* Build configuration list for PBXNativeTarget "NousTask" */;
			buildPhases = (
				6F1AF232BE397FED93F0095E /* [CP] Check Pods Manifest.lock */,
				570493E62875CD890098E191 /* Sources */,
				570493E72875CD890098E191 /* Frameworks */,
				570493E82875CD890098E191 /* Resources */,
				38D844D3D9BDF84044CEC601 /* [CP] Embed Pods Frameworks */,
			);
			buildRules = (
			);
			dependencies = (
			);
			name = NousTask;
			productName = NousTask;
			productReference = 570493EA2875CD890098E191 /* NousTask.app */;
			productType = "com.apple.product-type.application";
		};
/* End PBXNativeTarget section */

/* Begin PBXProject section */
		570493E22875CD890098E191 /* Project object */ = {
			isa = PBXProject;
			attributes = {
				BuildIndependentTargetsInParallel = 1;
				LastSwiftUpdateCheck = 1330;
				LastUpgradeCheck = 1330;
				TargetAttributes = {
					570493E92875CD890098E191 = {
						CreatedOnToolsVersion = 13.3.1;
					};
				};
			};
			buildConfigurationList = 570493E52875CD890098E191 /* Build configuration list for PBXProject "NousTask" */;
			compatibilityVersion = "Xcode 13.0";
			developmentRegion = en;
			hasScannedForEncodings = 0;
			knownRegions = (
				en,
				Base,
			);
			mainGroup = 570493E12875CD890098E191;
			productRefGroup = 570493EB2875CD890098E191 /* Products */;
			projectDirPath = "";
			projectRoot = "";
			targets = (
				570493E92875CD890098E191 /* NousTask */,
			);
		};
/* End PBXProject section */

/* Begin PBXResourcesBuildPhase section */
		570493E82875CD890098E191 /* Resources */ = {
			isa = PBXResourcesBuildPhase;
			buildActionMask = 2147483647;
			files = (
				570493FA2875CD8B0098E191 /* LaunchScreen.storyboard in Resources */,
				570493F72875CD8B0098E191 /* Assets.xcassets in Resources */,
				57AEC3262875F7D9005A0967 /* DownloadCellView.xib in Resources */,
				570493F52875CD8A0098E191 /* Main.storyboard in Resources */,
			);
			runOnlyForDeploymentPostprocessing = 0;
		};
/* End PBXResourcesBuildPhase section */

/* Begin PBXShellScriptBuildPhase section */
		38D844D3D9BDF84044CEC601 /* [CP] Embed Pods Frameworks */ = {
			isa = PBXShellScriptBuildPhase;
			buildActionMask = 2147483647;
			files = (
			);
			inputFileListPaths = (
				"${PODS_ROOT}/Target Support Files/Pods-NousTask/Pods-NousTask-frameworks-${CONFIGURATION}-input-files.xcfilelist",
			);
			name = "[CP] Embed Pods Frameworks";
			outputFileListPaths = (
				"${PODS_ROOT}/Target Support Files/Pods-NousTask/Pods-NousTask-frameworks-${CONFIGURATION}-output-files.xcfilelist",
			);
			runOnlyForDeploymentPostprocessing = 0;
			shellPath = /bin/sh;
			shellScript = "\"${PODS_ROOT}/Target Support Files/Pods-NousTask/Pods-NousTask-frameworks.sh\"\n";
			showEnvVarsInLog = 0;
		};
		6F1AF232BE397FED93F0095E /* [CP] Check Pods Manifest.lock */ = {
			isa = PBXShellScriptBuildPhase;
			buildActionMask = 2147483647;
			files = (
			);
			inputFileListPaths = (
			);
			inputPaths = (
				"${PODS_PODFILE_DIR_PATH}/Podfile.lock",
				"${PODS_ROOT}/Manifest.lock",
			);
			name = "[CP] Check Pods Manifest.lock";
			outputFileListPaths = (
			);
			outputPaths = (
				"$(DERIVED_FILE_DIR)/Pods-NousTask-checkManifestLockResult.txt",
			);
			runOnlyForDeploymentPostprocessing = 0;
			shellPath = /bin/sh;
			shellScript = "diff \"${PODS_PODFILE_DIR_PATH}/Podfile.lock\" \"${PODS_ROOT}/Manifest.lock\" > /dev/null\nif [ $? != 0 ] ; then\n    # print error to STDERR\n    echo \"error: The sandbox is not in sync with the Podfile.lock. Run 'pod install' or update your CocoaPods installation.\" >&2\n    exit 1\nfi\n# This output is used by Xcode 'outputs' to avoid re-running this script phase.\necho \"SUCCESS\" > \"${SCRIPT_OUTPUT_FILE_0}\"\n";
			showEnvVarsInLog = 0;
		};
/* End PBXShellScriptBuildPhase section */

/* Begin PBXSourcesBuildPhase section */
		570493E62875CD890098E191 /* Sources */ = {
			isa = PBXSourcesBuildPhase;
			buildActionMask = 2147483647;
			files = (
				57AEC3122875D9AC005A0967 /* RequestHandler.swift in Sources */,
				570493F22875CD8A0098E191 /* ViewController.swift in Sources */,
				57AEC3162875DD8F005A0967 /* NetworkRequest.swift in Sources */,
				57AEC30F2875D602005A0967 /* DownloadRoute.swift in Sources */,
				570493EE2875CD890098E191 /* AppDelegate.swift in Sources */,
				57AEC3192875DE63005A0967 /* DownloadModel.swift in Sources */,
				570493F02875CD8A0098E191 /* SceneDelegate.swift in Sources */,
				57AEC30B2875D351005A0967 /* Constant.swift in Sources */,
				57AEC31E2875E2D0005A0967 /* DownloadViewModel.swift in Sources */,
				57AEC3252875F7D9005A0967 /* DownloadCellView.swift in Sources */,
				57AEC30D2875D495005A0967 /* RequestConfigurator.swift in Sources */,
			);
			runOnlyForDeploymentPostprocessing = 0;
		};
/* End PBXSourcesBuildPhase section */

/* Begin PBXVariantGroup section */
		570493F32875CD8A0098E191 /* Main.storyboard */ = {
			isa = PBXVariantGroup;
			children = (
				570493F42875CD8A0098E191 /* Base */,
			);
			name = Main.storyboard;
			sourceTree = "<group>";
		};
		570493F82875CD8B0098E191 /* LaunchScreen.storyboard */ = {
			isa = PBXVariantGroup;
			children = (
				570493F92875CD8B0098E191 /* Base */,
			);
			name = LaunchScreen.storyboard;
			sourceTree = "<group>";
		};
/* End PBXVariantGroup section */

/* Begin XCBuildConfiguration section */
		570493FC2875CD8B0098E191 /* Debug */ = {
			isa = XCBuildConfiguration;
			buildSettings = {
				ALWAYS_SEARCH_USER_PATHS = NO;
				CLANG_ANALYZER_NONNULL = YES;
				CLANG_ANALYZER_NUMBER_OBJECT_CONVERSION = YES_AGGRESSIVE;
				CLANG_CXX_LANGUAGE_STANDARD = "gnu++17";
				CLANG_ENABLE_MODULES = YES;
				CLANG_ENABLE_OBJC_ARC = YES;
				CLANG_ENABLE_OBJC_WEAK = YES;
				CLANG_WARN_BLOCK_CAPTURE_AUTORELEASING = YES;
				CLANG_WARN_BOOL_CONVERSION = YES;
				CLANG_WARN_COMMA = YES;
				CLANG_WARN_CONSTANT_CONVERSION = YES;
				CLANG_WARN_DEPRECATED_OBJC_IMPLEMENTATIONS = YES;
				CLANG_WARN_DIRECT_OBJC_ISA_USAGE = YES_ERROR;
				CLANG_WARN_DOCUMENTATION_COMMENTS = YES;
				CLANG_WARN_EMPTY_BODY = YES;
				CLANG_WARN_ENUM_CONVERSION = YES;
				CLANG_WARN_INFINITE_RECURSION = YES;
				CLANG_WARN_INT_CONVERSION = YES;
				CLANG_WARN_NON_LITERAL_NULL_CONVERSION = YES;
				CLANG_WARN_OBJC_IMPLICIT_RETAIN_SELF = YES;
				CLANG_WARN_OBJC_LITERAL_CONVERSION = YES;
				CLANG_WARN_OBJC_ROOT_CLASS = YES_ERROR;
				CLANG_WARN_QUOTED_INCLUDE_IN_FRAMEWORK_HEADER = YES;
				CLANG_WARN_RANGE_LOOP_ANALYSIS = YES;
				CLANG_WARN_STRICT_PROTOTYPES = YES;
				CLANG_WARN_SUSPICIOUS_MOVE = YES;
				CLANG_WARN_UNGUARDED_AVAILABILITY = YES_AGGRESSIVE;
				CLANG_WARN_UNREACHABLE_CODE = YES;
				CLANG_WARN__DUPLICATE_METHOD_MATCH = YES;
				COPY_PHASE_STRIP = NO;
				DEBUG_INFORMATION_FORMAT = dwarf;
				ENABLE_STRICT_OBJC_MSGSEND = YES;
				ENABLE_TESTABILITY = YES;
				GCC_C_LANGUAGE_STANDARD = gnu11;
				GCC_DYNAMIC_NO_PIC = NO;
				GCC_NO_COMMON_BLOCKS = YES;
				GCC_OPTIMIZATION_LEVEL = 0;
				GCC_PREPROCESSOR_DEFINITIONS = (
					"DEBUG=1",
					"$(inherited)",
				);
				GCC_WARN_64_TO_32_BIT_CONVERSION = YES;
				GCC_WARN_ABOUT_RETURN_TYPE = YES_ERROR;
				GCC_WARN_UNDECLARED_SELECTOR = YES;
				GCC_WARN_UNINITIALIZED_AUTOS = YES_AGGRESSIVE;
				GCC_WARN_UNUSED_FUNCTION = YES;
				GCC_WARN_UNUSED_VARIABLE = YES;
				IPHONEOS_DEPLOYMENT_TARGET = 15.4;
				MTL_ENABLE_DEBUG_INFO = INCLUDE_SOURCE;
				MTL_FAST_MATH = YES;
				ONLY_ACTIVE_ARCH = YES;
				SDKROOT = iphoneos;
				SWIFT_ACTIVE_COMPILATION_CONDITIONS = DEBUG;
				SWIFT_OPTIMIZATION_LEVEL = "-Onone";
			};
			name = Debug;
		};
		570493FD2875CD8B0098E191 /* Release */ = {
			isa = XCBuildConfiguration;
			buildSettings = {
				ALWAYS_SEARCH_USER_PATHS = NO;
				CLANG_ANALYZER_NONNULL = YES;
				CLANG_ANALYZER_NUMBER_OBJECT_CONVERSION = YES_AGGRESSIVE;
				CLANG_CXX_LANGUAGE_STANDARD = "gnu++17";
				CLANG_ENABLE_MODULES = YES;
				CLANG_ENABLE_OBJC_ARC = YES;
				CLANG_ENABLE_OBJC_WEAK = YES;
				CLANG_WARN_BLOCK_CAPTURE_AUTORELEASING = YES;
				CLANG_WARN_BOOL_CONVERSION = YES;
				CLANG_WARN_COMMA = YES;
				CLANG_WARN_CONSTANT_CONVERSION = YES;
				CLANG_WARN_DEPRECATED_OBJC_IMPLEMENTATIONS = YES;
				CLANG_WARN_DIRECT_OBJC_ISA_USAGE = YES_ERROR;
				CLANG_WARN_DOCUMENTATION_COMMENTS = YES;
				CLANG_WARN_EMPTY_BODY = YES;
				CLANG_WARN_ENUM_CONVERSION = YES;
				CLANG_WARN_INFINITE_RECURSION = YES;
				CLANG_WARN_INT_CONVERSION = YES;
				CLANG_WARN_NON_LITERAL_NULL_CONVERSION = YES;
				CLANG_WARN_OBJC_IMPLICIT_RETAIN_SELF = YES;
				CLANG_WARN_OBJC_LITERAL_CONVERSION = YES;
				CLANG_WARN_OBJC_ROOT_CLASS = YES_ERROR;
				CLANG_WARN_QUOTED_INCLUDE_IN_FRAMEWORK_HEADER = YES;
				CLANG_WARN_RANGE_LOOP_ANALYSIS = YES;
				CLANG_WARN_STRICT_PROTOTYPES = YES;
				CLANG_WARN_SUSPICIOUS_MOVE = YES;
				CLANG_WARN_UNGUARDED_AVAILABILITY = YES_AGGRESSIVE;
				CLANG_WARN_UNREACHABLE_CODE = YES;
				CLANG_WARN__DUPLICATE_METHOD_MATCH = YES;
				COPY_PHASE_STRIP = NO;
				DEBUG_INFORMATION_FORMAT = "dwarf-with-dsym";
				ENABLE_NS_ASSERTIONS = NO;
				ENABLE_STRICT_OBJC_MSGSEND = YES;
				GCC_C_LANGUAGE_STANDARD = gnu11;
				GCC_NO_COMMON_BLOCKS = YES;
				GCC_WARN_64_TO_32_BIT_CONVERSION = YES;
				GCC_WARN_ABOUT_RETURN_TYPE = YES_ERROR;
				GCC_WARN_UNDECLARED_SELECTOR = YES;
				GCC_WARN_UNINITIALIZED_AUTOS = YES_AGGRESSIVE;
				GCC_WARN_UNUSED_FUNCTION = YES;
				GCC_WARN_UNUSED_VARIABLE = YES;
				IPHONEOS_DEPLOYMENT_TARGET = 15.4;
				MTL_ENABLE_DEBUG_INFO = NO;
				MTL_FAST_MATH = YES;
				SDKROOT = iphoneos;
				SWIFT_COMPILATION_MODE = wholemodule;
				SWIFT_OPTIMIZATION_LEVEL = "-O";
				VALIDATE_PRODUCT = YES;
			};
			name = Release;
		};
		570493FF2875CD8B0098E191 /* Debug */ = {
			isa = XCBuildConfiguration;
			baseConfigurationReference = 8D15A27C9963559351CA1456 /* Pods-NousTask.debug.xcconfig */;
			buildSettings = {
				ASSETCATALOG_COMPILER_APPICON_NAME = AppIcon;
				ASSETCATALOG_COMPILER_GLOBAL_ACCENT_COLOR_NAME = AccentColor;
				CODE_SIGN_STYLE = Automatic;
				CURRENT_PROJECT_VERSION = 1;
				DEVELOPMENT_TEAM = G9Q79MB7M4;
				GENERATE_INFOPLIST_FILE = YES;
				INFOPLIST_FILE = NousTask/Info.plist;
				INFOPLIST_KEY_UIApplicationSupportsIndirectInputEvents = YES;
				INFOPLIST_KEY_UILaunchStoryboardName = LaunchScreen;
				INFOPLIST_KEY_UIMainStoryboardFile = Main;
				INFOPLIST_KEY_UISupportedInterfaceOrientations_iPad = "UIInterfaceOrientationPortrait UIInterfaceOrientationPortraitUpsideDown UIInterfaceOrientationLandscapeLeft UIInterfaceOrientationLandscapeRight";
				INFOPLIST_KEY_UISupportedInterfaceOrientations_iPhone = "UIInterfaceOrientationPortrait UIInterfaceOrientationLandscapeLeft UIInterfaceOrientationLandscapeRight";
				LD_RUNPATH_SEARCH_PATHS = (
					"$(inherited)",
					"@executable_path/Frameworks",
				);
				MARKETING_VERSION = 1.0;
				PRODUCT_BUNDLE_IDENTIFIER = com.ISconfig.NousTask;
				PRODUCT_NAME = "$(TARGET_NAME)";
				SWIFT_EMIT_LOC_STRINGS = YES;
				SWIFT_VERSION = 5.0;
				TARGETED_DEVICE_FAMILY = "1,2";
			};
			name = Debug;
		};
		570494002875CD8B0098E191 /* Release */ = {
			isa = XCBuildConfiguration;
			baseConfigurationReference = 7B37E9082058EC06DDF24CC1 /* Pods-NousTask.release.xcconfig */;
			buildSettings = {
				ASSETCATALOG_COMPILER_APPICON_NAME = AppIcon;
				ASSETCATALOG_COMPILER_GLOBAL_ACCENT_COLOR_NAME = AccentColor;
				CODE_SIGN_STYLE = Automatic;
				CURRENT_PROJECT_VERSION = 1;
				DEVELOPMENT_TEAM = G9Q79MB7M4;
				GENERATE_INFOPLIST_FILE = YES;
				INFOPLIST_FILE = NousTask/Info.plist;
				INFOPLIST_KEY_UIApplicationSupportsIndirectInputEvents = YES;
				INFOPLIST_KEY_UILaunchStoryboardName = LaunchScreen;
				INFOPLIST_KEY_UIMainStoryboardFile = Main;
				INFOPLIST_KEY_UISupportedInterfaceOrientations_iPad = "UIInterfaceOrientationPortrait UIInterfaceOrientationPortraitUpsideDown UIInterfaceOrientationLandscapeLeft UIInterfaceOrientationLandscapeRight";
				INFOPLIST_KEY_UISupportedInterfaceOrientations_iPhone = "UIInterfaceOrientationPortrait UIInterfaceOrientationLandscapeLeft UIInterfaceOrientationLandscapeRight";
				LD_RUNPATH_SEARCH_PATHS = (
					"$(inherited)",
					"@executable_path/Frameworks",
				);
				MARKETING_VERSION = 1.0;
				PRODUCT_BUNDLE_IDENTIFIER = com.ISconfig.NousTask;
				PRODUCT_NAME = "$(TARGET_NAME)";
				SWIFT_EMIT_LOC_STRINGS = YES;
				SWIFT_VERSION = 5.0;
				TARGETED_DEVICE_FAMILY = "1,2";
			};
			name = Release;
		};
/* End XCBuildConfiguration section */

/* Begin XCConfigurationList section */
		570493E52875CD890098E191 /* Build configuration list for PBXProject "NousTask" */ = {
			isa = XCConfigurationList;
			buildConfigurations = (
				570493FC2875CD8B0098E191 /* Debug */,
				570493FD2875CD8B0098E191 /* Release */,
			);
			defaultConfigurationIsVisible = 0;
			defaultConfigurationName = Release;
		};
		570493FE2875CD8B0098E191 /* Build configuration list for PBXNativeTarget "NousTask" */ = {
			isa = XCConfigurationList;
			buildConfigurations = (
				570493FF2875CD8B0098E191 /* Debug */,
				570494002875CD8B0098E191 /* Release */,
			);
			defaultConfigurationIsVisible = 0;
			defaultConfigurationName = Release;
		};
/* End XCConfigurationList section */
	};
	rootObject = 570493E22875CD890098E191 /* Project object */;
}
